# THIS IS AN AUTOGENERATED FILE. DO NOT EDIT THIS FILE DIRECTLY.
# yarn lockfile v1


"@mdn/browser-compat-data@^2.0.7":
  version "2.0.7"
  resolved "https://registry.yarnpkg.com/@mdn/browser-compat-data/-/browser-compat-data-2.0.7.tgz#72ec37b9c1e00ce0b4e0309d753be18e2da12ee3"
  integrity sha512-GeeM827DlzFFidn1eKkMBiqXFD2oLsnZbaiGhByPl0vcapsRzUL+t9hDoov1swc9rB2jw64R+ihtzC8qOE9wXw==
  dependencies:
    extend "3.0.2"

ast-metadata-inferer@^0.4.0:
  version "0.4.0"
  resolved "https://registry.yarnpkg.com/ast-metadata-inferer/-/ast-metadata-inferer-0.4.0.tgz#6be85ceeffcf267bd79db8e1ae731da44880b45f"
  integrity sha512-tKHdBe8N/Vq2nLAm4YPBVREVZjMux6KrqyPfNQgIbDl0t7HaNSmy8w4OyVHYg/cvyn5BW7o7pVwpjPte89Zhcg==

browserslist@^4.12.2:
  version "4.16.3"
  resolved "https://registry.yarnpkg.com/browserslist/-/browserslist-4.16.3.tgz#340aa46940d7db878748567c5dea24a48ddf3717"
  integrity sha512-vIyhWmIkULaq04Gt93txdh+j02yX/JzlyhLYbV3YQCn/zvES3JnY7TifHHvvr1w5hTDluNKMkV05cs4vy8Q7sw==
  dependencies:
    caniuse-lite "^1.0.30001181"
    colorette "^1.2.1"
    electron-to-chromium "^1.3.649"
    escalade "^3.1.1"
    node-releases "^1.1.70"

caniuse-lite@^1.0.30001166, caniuse-lite@^1.0.30001181:
  version "1.0.30001194"
  resolved "https://registry.yarnpkg.com/caniuse-lite/-/caniuse-lite-1.0.30001194.tgz#3d16ff3d734a5a7d9818402c28b1f636c5be5bed"
  integrity sha512-iDUOH+oFeBYk5XawYsPtsx/8fFpndAPUQJC7gBTfxHM8xw5nOZv7ceAD4frS1MKCLUac7QL5wdAJiFQlDRjXlA==

colorette@^1.2.1:
  version "1.2.2"
  resolved "https://registry.yarnpkg.com/colorette/-/colorette-1.2.2.tgz#cbcc79d5e99caea2dbf10eb3a26fd8b3e6acfa94"
  integrity sha512-MKGMzyfeuutC/ZJ1cba9NqcNpfeqMUcYmyF1ZFY6/Cn7CNSAKx6a+s48sqLqyAiZuaP2TcqMhoo+dlwFnVxT9w==

confusing-browser-globals@^1.0.10:
  version "1.0.10"
  resolved "https://registry.yarnpkg.com/confusing-browser-globals/-/confusing-browser-globals-1.0.10.tgz#30d1e7f3d1b882b25ec4933d1d1adac353d20a59"
  integrity sha512-gNld/3lySHwuhaVluJUKLePYirM3QNCKzVxqAdhJII9/WXKVX5PURzMVJspS1jTslSqjeuG4KMVTSouit5YPHA==

core-js@^3.6.5:
  version "3.9.1"
  resolved "https://registry.yarnpkg.com/core-js/-/core-js-3.9.1.tgz#cec8de593db8eb2a85ffb0dbdeb312cb6e5460ae"
  integrity sha512-gSjRvzkxQc1zjM/5paAmL4idJBFzuJoo+jDjF1tStYFMV2ERfD02HhahhCGXUyHxQRG4yFKVSdO6g62eoRMcDg==

electron-to-chromium@^1.3.649:
  version "1.3.678"
  resolved "https://registry.yarnpkg.com/electron-to-chromium/-/electron-to-chromium-1.3.678.tgz#c7c6960463167126b7ed076fade14cac6223bfff"
  integrity sha512-E5ha1pE9+aWWrT2fUD5wdPBWUnYtKnEnloewbtVyrkAs79HvodOiNO4rMR94+hKbxgMFQG4fnPQACOc1cfMfBg==

escalade@^3.1.1:
  version "3.1.1"
  resolved "https://registry.yarnpkg.com/escalade/-/escalade-3.1.1.tgz#d8cfdc7000965c5a0174b4a82eaa5c0552742e40"
  integrity sha512-k0er2gUkLf8O0zKJiAhmkTnJlTvINGv7ygDNPbeIsX/TJjGJZHuh9B2UxbsaEkmlEo9MfhrSzmhIlhRlI2GXnw==

eslint-config-react-app@^6.0.0:
  version "6.0.0"
  resolved "https://registry.yarnpkg.com/eslint-config-react-app/-/eslint-config-react-app-6.0.0.tgz#ccff9fc8e36b322902844cbd79197982be355a0e"
  integrity sha512-bpoAAC+YRfzq0dsTk+6v9aHm/uqnDwayNAXleMypGl6CpxI9oXXscVHo4fk3eJPIn+rsbtNetB4r/ZIidFIE8A==
  dependencies:
    confusing-browser-globals "^1.0.10"

eslint-plugin-compat@^3.9.0:
  version "3.9.0"
  resolved "https://registry.yarnpkg.com/eslint-plugin-compat/-/eslint-plugin-compat-3.9.0.tgz#a7a224e09b102b58e7f7dff52c936428ff3e0186"
  integrity sha512-lt3l5PHFHVEYSZ5zijcoYvtQJPsBifRiH5N0Et57KwVu7l/yxmHhSG6VJiLMa/lXrg93Qu8049RNQOMn0+yJBg==
  dependencies:
    "@mdn/browser-compat-data" "^2.0.7"
    ast-metadata-inferer "^0.4.0"
    browserslist "^4.12.2"
    caniuse-lite "^1.0.30001166"
    core-js "^3.6.5"
    find-up "^4.1.0"
    lodash.memoize "4.1.2"
    semver "7.3.2"

extend@3.0.2:
  version "3.0.2"
  resolved "https://registry.yarnpkg.com/extend/-/extend-3.0.2.tgz#f8b1136b4071fbd8eb140aff858b1019ec2915fa"
  integrity sha512-fjquC59cD7CyW6urNXK0FBufkZcoiGG80wTuPujX590cB5Ttln20E2UB4S/WARVqhXffZl2LNgS+gQdPIIim/g==

find-up@^4.1.0:
  version "4.1.0"
  resolved "https://registry.yarnpkg.com/find-up/-/find-up-4.1.0.tgz#97afe7d6cdc0bc5928584b7c8d7b16e8a9aa5d19"
  integrity sha512-PpOwAdQ/YlXQ2vj8a3h8IipDuYRi3wceVQQGYWxNINccq40Anw7BlsEXCMbt1Zt+OLA6Fq9suIpIWD0OsnISlw==
  dependencies:
    locate-path "^5.0.0"
    path-exists "^4.0.0"

locate-path@^5.0.0:
  version "5.0.0"
  resolved "https://registry.yarnpkg.com/locate-path/-/locate-path-5.0.0.tgz#1afba396afd676a6d42504d0a67a3a7eb9f62aa0"
  integrity sha512-t7hw9pI+WvuwNJXwk5zVHpyhIqzg2qTlklJOf0mVxGSbe3Fp2VieZcduNYjaLDoy6p9uGpQEGWG87WpMKlNq8g==
  dependencies:
    p-locate "^4.1.0"

lodash.memoize@4.1.2:
  version "4.1.2"
  resolved "https://registry.yarnpkg.com/lodash.memoize/-/lodash.memoize-4.1.2.tgz#bcc6c49a42a2840ed997f323eada5ecd182e0bfe"
  integrity sha1-vMbEmkKihA7Zl/Mj6tpezRguC/4=

node-releases@^1.1.70:
  version "1.1.71"
  resolved "https://registry.yarnpkg.com/node-releases/-/node-releases-1.1.71.tgz#cb1334b179896b1c89ecfdd4b725fb7bbdfc7dbb"
  integrity sha512-zR6HoT6LrLCRBwukmrVbHv0EpEQjksO6GmFcZQQuCAy139BEsoVKPYnf3jongYW83fAa1torLGYwxxky/p28sg==

p-limit@^2.2.0:
  version "2.3.0"
  resolved "https://registry.yarnpkg.com/p-limit/-/p-limit-2.3.0.tgz#3dd33c647a214fdfffd835933eb086da0dc21db1"
  integrity sha512-//88mFWSJx8lxCzwdAABTJL2MyWB12+eIY7MDL2SqLmAkeKU9qxRvWuSyTjm3FUmpBEMuFfckAIqEaVGUDxb6w==
  dependencies:
    p-try "^2.0.0"

p-locate@^4.1.0:
  version "4.1.0"
  resolved "https://registry.yarnpkg.com/p-locate/-/p-locate-4.1.0.tgz#a3428bb7088b3a60292f66919278b7c297ad4f07"
  integrity sha512-R79ZZ/0wAxKGu3oYMlz8jy/kbhsNrS7SKZ7PxEHBgJ5+F2mtFW2fK2cOtBh1cHYkQsbzFV7I+EoRKe6Yt0oK7A==
  dependencies:
    p-limit "^2.2.0"

p-try@^2.0.0:
  version "2.2.0"
  resolved "https://registry.yarnpkg.com/p-try/-/p-try-2.2.0.tgz#cb2868540e313d61de58fafbe35ce9004d5540e6"
  integrity sha512-R4nPAVTAU0B9D35/Gk3uJf/7XYbQcyohSKdvAxIRSNghFl4e71hVoGnBNQz9cWaXxO2I10KTC+3jMdvvoKw6dQ==

path-exists@^4.0.0:
  version "4.0.0"
  resolved "https://registry.yarnpkg.com/path-exists/-/path-exists-4.0.0.tgz#513bdbe2d3b95d7762e8c1137efa195c6c61b5b3"
  integrity sha512-ak9Qy5Q7jYb2Wwcey5Fpvg2KoAc/ZIhLSLOSBmRmygPsGwkVVt0fZa0qrtMz+m6tJTAHfZQ8FnmB4MG4LWy7/w==

semver@7.3.2:
  version "7.3.2"
  resolved "https://registry.yarnpkg.com/semver/-/semver-7.3.2.tgz#604962b052b81ed0786aae84389ffba70ffd3938"
  integrity sha512-OrOb32TeeambH6UrhtShmF7CRDqhL6/5XpPNp2DuRH6+9QLw/orhp72j87v8Qa1ScDkvrrBNpZcDejAirJmfXQ==
